
Microsoft Visual Studio Solution File, Format Version 12.00
# Visual Studio Version 16
VisualStudioVersion = 16.0.29509.3
MinimumVisualStudioVersion = 10.0.40219.1
Project("{FAE04EC0-301F-11D3-BF4B-00C04F79EFBC}") = "S2.OOP.Encapsulation", "S2.OOP.Encapsulation\S2.OOP.Encapsulation.csproj", "{2A6A5808-8B0B-4DC6-882C-F76016EF0F1C}"
EndProject
Global
	GlobalSection(SolutionConfigurationPlatforms) = preSolution
		Debug|Any CPU = Debug|Any CPU
		Release|Any CPU = Release|Any CPU
	EndGlobalSection
	GlobalSection(ProjectConfigurationPlatforms) = postSolution
		{2A6A5808-8B0B-4DC6-882C-F76016EF0F1C}.Debug|Any CPU.ActiveCfg = Debug|Any CPU
		{2A6A5808-8B0B-4DC6-882C-F76016EF0F1C}.Debug|Any CPU.Build.0 = Debug|Any CPU
		{2A6A5808-8B0B-4DC6-882C-F76016EF0F1C}.Release|Any CPU.ActiveCfg = Release|Any CPU
		{2A6A5808-8B0B-4DC6-882C-F76016EF0F1C}.Release|Any CPU.Build.0 = Release|Any CPU
	EndGlobalSection
	GlobalSection(SolutionProperties) = preSolution
		HideSolutionNode = FALSE
	EndGlobalSection
	GlobalSection(ExtensibilityGlobals) = postSolution
		SolutionGuid = {66090214-BFD2-4EDC-83B1-B2FD42B3431B}
	EndGlobalSection
EndGlobal
